
Microsoft Visual Studio Solution File, Format Version 12.00
# Visual Studio Version 17
VisualStudioVersion = 17.2.32526.322
MinimumVisualStudioVersion = 10.0.40219.1
Project("{8BC9CEB8-8B4A-11D0-8D11-00A0C91BC942}") = "Auto_ptr_weakPTR_iniquePTR_sharedPTR", "Auto_ptr_weakPTR_iniquePTR_sharedPTR.vcxproj", "{C7669D17-BD5F-42FF-9401-5764CDBB4703}"
EndProject
Global
	GlobalSection(SolutionConfigurationPlatforms) = preSolution
		Debug|x64 = Debug|x64
		Debug|x86 = Debug|x86
		Release|x64 = Release|x64
		Release|x86 = Release|x86
	EndGlobalSection
	GlobalSection(ProjectConfigurationPlatforms) = postSolution
		{C7669D17-BD5F-42FF-9401-5764CDBB4703}.Debug|x64.ActiveCfg = Debug|x64
		{C7669D17-BD5F-42FF-9401-5764CDBB4703}.Debug|x64.Build.0 = Debug|x64
		{C7669D17-BD5F-42FF-9401-5764CDBB4703}.Debug|x86.ActiveCfg = Debug|Win32
		{C7669D17-BD5F-42FF-9401-5764CDBB4703}.Debug|x86.Build.0 = Debug|Win32
		{C7669D17-BD5F-42FF-9401-5764CDBB4703}.Release|x64.ActiveCfg = Release|x64
		{C7669D17-BD5F-42FF-9401-5764CDBB4703}.Release|x64.Build.0 = Release|x64
		{C7669D17-BD5F-42FF-9401-5764CDBB4703}.Release|x86.ActiveCfg = Release|Win32
		{C7669D17-BD5F-42FF-9401-5764CDBB4703}.Release|x86.Build.0 = Release|Win32
	EndGlobalSection
	GlobalSection(SolutionProperties) = preSolution
		HideSolutionNode = FALSE
	EndGlobalSection
	GlobalSection(ExtensibilityGlobals) = postSolution
		SolutionGuid = {A6A4483F-7FA4-4F10-A5DF-979305D4FCBE}
	EndGlobalSection
EndGlobal
